
Microsoft Visual Studio Solution File, Format Version 12.00
# Visual Studio Version 17
VisualStudioVersion = 17.7.34031.279
MinimumVisualStudioVersion = 10.0.40219.1
Project("{FAE04EC0-301F-11D3-BF4B-00C04F79EFBC}") = "ProjectToroidDemo", "ProjectToroidDemo.csproj", "{FCFD452F-0507-4162-AD6D-449C77052165}"
EndProject
Global
	GlobalSection(SolutionConfigurationPlatforms) = preSolution
		Debug|Any CPU = Debug|Any CPU
		Release|Any CPU = Release|Any CPU
	EndGlobalSection
	GlobalSection(ProjectConfigurationPlatforms) = postSolution
		{FCFD452F-0507-4162-AD6D-449C77052165}.Debug|Any CPU.ActiveCfg = Debug|Any CPU
		{FCFD452F-0507-4162-AD6D-449C77052165}.Debug|Any CPU.Build.0 = Debug|Any CPU
		{FCFD452F-0507-4162-AD6D-449C77052165}.Release|Any CPU.ActiveCfg = Release|Any CPU
		{FCFD452F-0507-4162-AD6D-449C77052165}.Release|Any CPU.Build.0 = Release|Any CPU
	EndGlobalSection
	GlobalSection(SolutionProperties) = preSolution
		HideSolutionNode = FALSE
	EndGlobalSection
	GlobalSection(ExtensibilityGlobals) = postSolution
		SolutionGuid = {1CD4C9B1-C146-4728-8CEF-DE0B51B15B37}
	EndGlobalSection
EndGlobal
